
Microsoft Visual Studio Solution File, Format Version 12.00
# Visual Studio 15
VisualStudioVersion = 15.0.28307.421
MinimumVisualStudioVersion = 10.0.40219.1
Project("{9A19103F-16F7-4668-BE54-9A1E7A4F7556}") = "App-APIGateway", "App-APIGateway\App-APIGateway.csproj", "{3AFBE551-BD4A-41BE-A83F-F4AA614AA140}"
EndProject
Project("{FAE04EC0-301F-11D3-BF4B-00C04F79EFBC}") = "App-Micro-A", "App-Micro-A\App-Micro-A.csproj", "{43A73DDC-05A3-4530-A4B1-D43C8BAE3324}"
EndProject
Project("{FAE04EC0-301F-11D3-BF4B-00C04F79EFBC}") = "App-Micro-B", "App-Micro-B\App-Micro-B.csproj", "{D4F74480-6FD2-4A1C-A414-B2C794F9DC54}"
EndProject
Project("{FAE04EC0-301F-11D3-BF4B-00C04F79EFBC}") = "App-Micro-Identity", "App-Micro-Identity\App-Micro-Identity.csproj", "{45A812B3-3075-4B86-ABEC-1EB8A48024EB}"
EndProject
Global
	GlobalSection(SolutionConfigurationPlatforms) = preSolution
		Debug|Any CPU = Debug|Any CPU
		Release|Any CPU = Release|Any CPU
	EndGlobalSection
	GlobalSection(ProjectConfigurationPlatforms) = postSolution
		{3AFBE551-BD4A-41BE-A83F-F4AA614AA140}.Debug|Any CPU.ActiveCfg = Debug|Any CPU
		{3AFBE551-BD4A-41BE-A83F-F4AA614AA140}.Debug|Any CPU.Build.0 = Debug|Any CPU
		{3AFBE551-BD4A-41BE-A83F-F4AA614AA140}.Release|Any CPU.ActiveCfg = Release|Any CPU
		{3AFBE551-BD4A-41BE-A83F-F4AA614AA140}.Release|Any CPU.Build.0 = Release|Any CPU
		{43A73DDC-05A3-4530-A4B1-D43C8BAE3324}.Debug|Any CPU.ActiveCfg = Debug|Any CPU
		{43A73DDC-05A3-4530-A4B1-D43C8BAE3324}.Debug|Any CPU.Build.0 = Debug|Any CPU
		{43A73DDC-05A3-4530-A4B1-D43C8BAE3324}.Release|Any CPU.ActiveCfg = Release|Any CPU
		{43A73DDC-05A3-4530-A4B1-D43C8BAE3324}.Release|Any CPU.Build.0 = Release|Any CPU
		{D4F74480-6FD2-4A1C-A414-B2C794F9DC54}.Debug|Any CPU.ActiveCfg = Debug|Any CPU
		{D4F74480-6FD2-4A1C-A414-B2C794F9DC54}.Debug|Any CPU.Build.0 = Debug|Any CPU
		{D4F74480-6FD2-4A1C-A414-B2C794F9DC54}.Release|Any CPU.ActiveCfg = Release|Any CPU
		{D4F74480-6FD2-4A1C-A414-B2C794F9DC54}.Release|Any CPU.Build.0 = Release|Any CPU
		{45A812B3-3075-4B86-ABEC-1EB8A48024EB}.Debug|Any CPU.ActiveCfg = Debug|Any CPU
		{45A812B3-3075-4B86-ABEC-1EB8A48024EB}.Debug|Any CPU.Build.0 = Debug|Any CPU
		{45A812B3-3075-4B86-ABEC-1EB8A48024EB}.Release|Any CPU.ActiveCfg = Release|Any CPU
		{45A812B3-3075-4B86-ABEC-1EB8A48024EB}.Release|Any CPU.Build.0 = Release|Any CPU
	EndGlobalSection
	GlobalSection(SolutionProperties) = preSolution
		HideSolutionNode = FALSE
	EndGlobalSection
	GlobalSection(ExtensibilityGlobals) = postSolution
		SolutionGuid = {4B53942F-03C7-4DD2-944F-1BF9871951E2}
	EndGlobalSection
EndGlobal
